
Microsoft Visual Studio Solution File, Format Version 12.00
# Visual Studio Version 16
VisualStudioVersion = 16.0.29324.140
MinimumVisualStudioVersion = 10.0.40219.1
Project("{9A19103F-16F7-4668-BE54-9A1E7A4F7556}") = "Project", "samples\Project\Project.csproj", "{570DAB44-5303-459F-A8B0-11C406E6FB4F}"
EndProject
Project("{9A19103F-16F7-4668-BE54-9A1E7A4F7556}") = "UTProject", "test\UTProject\UTProject.csproj", "{DC5084F8-097B-482F-B20B-1471F61326A1}"
EndProject
Project("{2150E333-8FDC-42A3-9474-1A3956D46DE8}") = "samples", "samples", "{84977F43-7A74-4310-B07F-D4FBF5D0333F}"
EndProject
Project("{2150E333-8FDC-42A3-9474-1A3956D46DE8}") = "test", "test", "{C4396801-F1E3-4033-B973-B7A12807EFFF}"
EndProject
Project("{2150E333-8FDC-42A3-9474-1A3956D46DE8}") = "src", "src", "{9A154FFA-A8AE-473E-8940-7020D44B9141}"
EndProject
Project("{9A19103F-16F7-4668-BE54-9A1E7A4F7556}") = "BenchmarkProject", "test\BenchmarkProject\BenchmarkProject.csproj", "{BADB6031-8605-40B4-94BF-96256438A77C}"
EndProject
Project("{9A19103F-16F7-4668-BE54-9A1E7A4F7556}") = "Aries", "src\Aries\Aries.csproj", "{0EC412BA-36CA-4A9C-B0BA-B377E00F656C}"
EndProject
Project("{9A19103F-16F7-4668-BE54-9A1E7A4F7556}") = "PgFreeSqlWeb", "samples\PgFreeSqlWeb\PgFreeSqlWeb.csproj", "{E542C3F3-442D-4D37-B53C-369C93F55654}"
EndProject
Project("{9A19103F-16F7-4668-BE54-9A1E7A4F7556}") = "Aries.Web", "src\Aries.Web\Aries.Web.csproj", "{30EC3ED9-81F9-4E1B-A3B8-F2F13ADBC28A}"
EndProject
Project("{9A19103F-16F7-4668-BE54-9A1E7A4F7556}") = "TestLib", "samples\TestLib\TestLib.csproj", "{13958353-A597-413A-BDBF-02455E8BE22E}"
EndProject
Project("{FAE04EC0-301F-11D3-BF4B-00C04F79EFBC}") = "WebNetCore20", "samples\WebNetCore20\WebNetCore20.csproj", "{5049236D-409C-4F7A-9AFE-6B2058023B8C}"
EndProject
Global
	GlobalSection(SolutionConfigurationPlatforms) = preSolution
		Debug|Any CPU = Debug|Any CPU
		Release|Any CPU = Release|Any CPU
	EndGlobalSection
	GlobalSection(ProjectConfigurationPlatforms) = postSolution
		{570DAB44-5303-459F-A8B0-11C406E6FB4F}.Debug|Any CPU.ActiveCfg = Debug|Any CPU
		{570DAB44-5303-459F-A8B0-11C406E6FB4F}.Debug|Any CPU.Build.0 = Debug|Any CPU
		{570DAB44-5303-459F-A8B0-11C406E6FB4F}.Release|Any CPU.ActiveCfg = Release|Any CPU
		{570DAB44-5303-459F-A8B0-11C406E6FB4F}.Release|Any CPU.Build.0 = Release|Any CPU
		{DC5084F8-097B-482F-B20B-1471F61326A1}.Debug|Any CPU.ActiveCfg = Debug|Any CPU
		{DC5084F8-097B-482F-B20B-1471F61326A1}.Debug|Any CPU.Build.0 = Debug|Any CPU
		{DC5084F8-097B-482F-B20B-1471F61326A1}.Release|Any CPU.ActiveCfg = Release|Any CPU
		{DC5084F8-097B-482F-B20B-1471F61326A1}.Release|Any CPU.Build.0 = Release|Any CPU
		{BADB6031-8605-40B4-94BF-96256438A77C}.Debug|Any CPU.ActiveCfg = Debug|Any CPU
		{BADB6031-8605-40B4-94BF-96256438A77C}.Debug|Any CPU.Build.0 = Debug|Any CPU
		{BADB6031-8605-40B4-94BF-96256438A77C}.Release|Any CPU.ActiveCfg = Release|Any CPU
		{BADB6031-8605-40B4-94BF-96256438A77C}.Release|Any CPU.Build.0 = Release|Any CPU
		{0EC412BA-36CA-4A9C-B0BA-B377E00F656C}.Debug|Any CPU.ActiveCfg = Debug|Any CPU
		{0EC412BA-36CA-4A9C-B0BA-B377E00F656C}.Debug|Any CPU.Build.0 = Debug|Any CPU
		{0EC412BA-36CA-4A9C-B0BA-B377E00F656C}.Release|Any CPU.ActiveCfg = Release|Any CPU
		{0EC412BA-36CA-4A9C-B0BA-B377E00F656C}.Release|Any CPU.Build.0 = Release|Any CPU
		{E542C3F3-442D-4D37-B53C-369C93F55654}.Debug|Any CPU.ActiveCfg = Debug|Any CPU
		{E542C3F3-442D-4D37-B53C-369C93F55654}.Debug|Any CPU.Build.0 = Debug|Any CPU
		{E542C3F3-442D-4D37-B53C-369C93F55654}.Release|Any CPU.ActiveCfg = Release|Any CPU
		{E542C3F3-442D-4D37-B53C-369C93F55654}.Release|Any CPU.Build.0 = Release|Any CPU
		{30EC3ED9-81F9-4E1B-A3B8-F2F13ADBC28A}.Debug|Any CPU.ActiveCfg = Debug|Any CPU
		{30EC3ED9-81F9-4E1B-A3B8-F2F13ADBC28A}.Debug|Any CPU.Build.0 = Debug|Any CPU
		{30EC3ED9-81F9-4E1B-A3B8-F2F13ADBC28A}.Release|Any CPU.ActiveCfg = Release|Any CPU
		{30EC3ED9-81F9-4E1B-A3B8-F2F13ADBC28A}.Release|Any CPU.Build.0 = Release|Any CPU
		{13958353-A597-413A-BDBF-02455E8BE22E}.Debug|Any CPU.ActiveCfg = Debug|Any CPU
		{13958353-A597-413A-BDBF-02455E8BE22E}.Debug|Any CPU.Build.0 = Debug|Any CPU
		{13958353-A597-413A-BDBF-02455E8BE22E}.Release|Any CPU.ActiveCfg = Release|Any CPU
		{13958353-A597-413A-BDBF-02455E8BE22E}.Release|Any CPU.Build.0 = Release|Any CPU
		{5049236D-409C-4F7A-9AFE-6B2058023B8C}.Debug|Any CPU.ActiveCfg = Debug|Any CPU
		{5049236D-409C-4F7A-9AFE-6B2058023B8C}.Debug|Any CPU.Build.0 = Debug|Any CPU
		{5049236D-409C-4F7A-9AFE-6B2058023B8C}.Release|Any CPU.ActiveCfg = Release|Any CPU
		{5049236D-409C-4F7A-9AFE-6B2058023B8C}.Release|Any CPU.Build.0 = Release|Any CPU
	EndGlobalSection
	GlobalSection(SolutionProperties) = preSolution
		HideSolutionNode = FALSE
	EndGlobalSection
	GlobalSection(NestedProjects) = preSolution
		{570DAB44-5303-459F-A8B0-11C406E6FB4F} = {84977F43-7A74-4310-B07F-D4FBF5D0333F}
		{DC5084F8-097B-482F-B20B-1471F61326A1} = {C4396801-F1E3-4033-B973-B7A12807EFFF}
		{BADB6031-8605-40B4-94BF-96256438A77C} = {C4396801-F1E3-4033-B973-B7A12807EFFF}
		{0EC412BA-36CA-4A9C-B0BA-B377E00F656C} = {9A154FFA-A8AE-473E-8940-7020D44B9141}
		{E542C3F3-442D-4D37-B53C-369C93F55654} = {84977F43-7A74-4310-B07F-D4FBF5D0333F}
		{30EC3ED9-81F9-4E1B-A3B8-F2F13ADBC28A} = {9A154FFA-A8AE-473E-8940-7020D44B9141}
		{13958353-A597-413A-BDBF-02455E8BE22E} = {84977F43-7A74-4310-B07F-D4FBF5D0333F}
		{5049236D-409C-4F7A-9AFE-6B2058023B8C} = {84977F43-7A74-4310-B07F-D4FBF5D0333F}
	EndGlobalSection
	GlobalSection(ExtensibilityGlobals) = postSolution
		SolutionGuid = {E330F2E1-7532-4657-A941-C1782EAE9D1C}
	EndGlobalSection
EndGlobal
